
Microsoft Visual Studio Solution File, Format Version 12.00
# Visual Studio 15
VisualStudioVersion = 15.0.26403.7
MinimumVisualStudioVersion = 10.0.40219.1
Project("{FAE04EC0-301F-11D3-BF4B-00C04F79EFBC}") = "Sdrd", "Sdrd\Sdrd\Sdrd.csproj", "{1A8A64C2-EF04-4ECE-BC24-5F9901A2FAD7}"
EndProject
Project("{FAE04EC0-301F-11D3-BF4B-00C04F79EFBC}") = "Sdrd.iOS", "Sdrd\Sdrd.iOS\Sdrd.iOS.csproj", "{A3BAB2E3-6447-4A78-80CF-6143ED6C715B}"
EndProject
Project("{FAE04EC0-301F-11D3-BF4B-00C04F79EFBC}") = "HsFramwork.IOS", "HsFramwork.IOS\HsFramwork.IOS.csproj", "{2481DDB7-420E-4E06-9C4D-BB02C6CEC7A0}"
EndProject
Project("{FAE04EC0-301F-11D3-BF4B-00C04F79EFBC}") = "Jbcmp", "Jbcmp\Jbcmp\Jbcmp.csproj", "{D3D13ED7-4AA1-4A32-9AE3-8E1AD5173D77}"
EndProject
Project("{FAE04EC0-301F-11D3-BF4B-00C04F79EFBC}") = "Jbcmp.iOS", "Jbcmp\Jbcmp.iOS\Jbcmp.iOS.csproj", "{7F7EAFD0-CF04-49A7-99BA-79ED37DB845D}"
EndProject
Project("{2150E333-8FDC-42A3-9474-1A3956D46DE8}") = "01 框架", "01 框架", "{3CFD9744-1136-4F9D-8031-EE66BDA99F86}"
EndProject
Project("{2150E333-8FDC-42A3-9474-1A3956D46DE8}") = "02 Sdrd", "02 Sdrd", "{000CC33B-11C6-4807-AB5B-81D5DB5357D8}"
EndProject
Project("{2150E333-8FDC-42A3-9474-1A3956D46DE8}") = "03 Jbcmp", "03 Jbcmp", "{338D8B37-FC4D-44B4-AE1B-CDF31CEC536C}"
EndProject
Project("{FAE04EC0-301F-11D3-BF4B-00C04F79EFBC}") = "HsFramework", "HsFramework\HsFramework.csproj", "{67F9D3A8-F71E-4428-913F-C37AE82CDB24}"
EndProject
Project("{2150E333-8FDC-42A3-9474-1A3956D46DE8}") = "02 HsOA", "02 HsOA", "{22A6794F-DE61-47EE-9AFA-3597D27D25E0}"
EndProject
Project("{FAE04EC0-301F-11D3-BF4B-00C04F79EFBC}") = "HsOA", "HsOA\HsOA.csproj", "{DDE30EC7-FB9C-4018-8335-BCFC5F7DC22C}"
EndProject
Project("{2150E333-8FDC-42A3-9474-1A3956D46DE8}") = "04 测试", "04 测试", "{920D25BE-DF6F-4F2B-8384-0E8D6711CFCE}"
EndProject
Project("{FAE04EC0-301F-11D3-BF4B-00C04F79EFBC}") = "Test", "Test\Test.csproj", "{D4FBD557-08FD-45B4-AA31-5083BDDD2296}"
EndProject
Project("{FAE04EC0-301F-11D3-BF4B-00C04F79EFBC}") = "Test.iOS", "iOS\Test.iOS.csproj", "{350B1CCA-EF35-4A23-B6A4-371A624B54EB}"
EndProject
Global
	GlobalSection(SolutionConfigurationPlatforms) = preSolution
		Ad-Hoc|Any CPU = Ad-Hoc|Any CPU
		Ad-Hoc|ARM = Ad-Hoc|ARM
		Ad-Hoc|iPhone = Ad-Hoc|iPhone
		Ad-Hoc|iPhoneSimulator = Ad-Hoc|iPhoneSimulator
		Ad-Hoc|x64 = Ad-Hoc|x64
		Ad-Hoc|x86 = Ad-Hoc|x86
		AppStore|Any CPU = AppStore|Any CPU
		AppStore|ARM = AppStore|ARM
		AppStore|iPhone = AppStore|iPhone
		AppStore|iPhoneSimulator = AppStore|iPhoneSimulator
		AppStore|x64 = AppStore|x64
		AppStore|x86 = AppStore|x86
		Debug|Any CPU = Debug|Any CPU
		Debug|ARM = Debug|ARM
		Debug|iPhone = Debug|iPhone
		Debug|iPhoneSimulator = Debug|iPhoneSimulator
		Debug|x64 = Debug|x64
		Debug|x86 = Debug|x86
		Release|Any CPU = Release|Any CPU
		Release|ARM = Release|ARM
		Release|iPhone = Release|iPhone
		Release|iPhoneSimulator = Release|iPhoneSimulator
		Release|x64 = Release|x64
		Release|x86 = Release|x86
	EndGlobalSection
	GlobalSection(ProjectConfigurationPlatforms) = postSolution
		{1A8A64C2-EF04-4ECE-BC24-5F9901A2FAD7}.Ad-Hoc|Any CPU.ActiveCfg = Release|Any CPU
		{1A8A64C2-EF04-4ECE-BC24-5F9901A2FAD7}.Ad-Hoc|Any CPU.Build.0 = Release|Any CPU
		{1A8A64C2-EF04-4ECE-BC24-5F9901A2FAD7}.Ad-Hoc|ARM.ActiveCfg = Release|Any CPU
		{1A8A64C2-EF04-4ECE-BC24-5F9901A2FAD7}.Ad-Hoc|ARM.Build.0 = Release|Any CPU
		{1A8A64C2-EF04-4ECE-BC24-5F9901A2FAD7}.Ad-Hoc|iPhone.ActiveCfg = Release|Any CPU
		{1A8A64C2-EF04-4ECE-BC24-5F9901A2FAD7}.Ad-Hoc|iPhone.Build.0 = Release|Any CPU
		{1A8A64C2-EF04-4ECE-BC24-5F9901A2FAD7}.Ad-Hoc|iPhoneSimulator.ActiveCfg = Release|Any CPU
		{1A8A64C2-EF04-4ECE-BC24-5F9901A2FAD7}.Ad-Hoc|iPhoneSimulator.Build.0 = Release|Any CPU
		{1A8A64C2-EF04-4ECE-BC24-5F9901A2FAD7}.Ad-Hoc|x64.ActiveCfg = Release|Any CPU
		{1A8A64C2-EF04-4ECE-BC24-5F9901A2FAD7}.Ad-Hoc|x64.Build.0 = Release|Any CPU
		{1A8A64C2-EF04-4ECE-BC24-5F9901A2FAD7}.Ad-Hoc|x86.ActiveCfg = Release|Any CPU
		{1A8A64C2-EF04-4ECE-BC24-5F9901A2FAD7}.Ad-Hoc|x86.Build.0 = Release|Any CPU
		{1A8A64C2-EF04-4ECE-BC24-5F9901A2FAD7}.AppStore|Any CPU.ActiveCfg = Release|Any CPU
		{1A8A64C2-EF04-4ECE-BC24-5F9901A2FAD7}.AppStore|Any CPU.Build.0 = Release|Any CPU
		{1A8A64C2-EF04-4ECE-BC24-5F9901A2FAD7}.AppStore|ARM.ActiveCfg = Release|Any CPU
		{1A8A64C2-EF04-4ECE-BC24-5F9901A2FAD7}.AppStore|ARM.Build.0 = Release|Any CPU
		{1A8A64C2-EF04-4ECE-BC24-5F9901A2FAD7}.AppStore|iPhone.ActiveCfg = Release|Any CPU
		{1A8A64C2-EF04-4ECE-BC24-5F9901A2FAD7}.AppStore|iPhone.Build.0 = Release|Any CPU
		{1A8A64C2-EF04-4ECE-BC24-5F9901A2FAD7}.AppStore|iPhoneSimulator.ActiveCfg = Release|Any CPU
		{1A8A64C2-EF04-4ECE-BC24-5F9901A2FAD7}.AppStore|iPhoneSimulator.Build.0 = Release|Any CPU
		{1A8A64C2-EF04-4ECE-BC24-5F9901A2FAD7}.AppStore|x64.ActiveCfg = Release|Any CPU
		{1A8A64C2-EF04-4ECE-BC24-5F9901A2FAD7}.AppStore|x64.Build.0 = Release|Any CPU
		{1A8A64C2-EF04-4ECE-BC24-5F9901A2FAD7}.AppStore|x86.ActiveCfg = Release|Any CPU
		{1A8A64C2-EF04-4ECE-BC24-5F9901A2FAD7}.AppStore|x86.Build.0 = Release|Any CPU
		{1A8A64C2-EF04-4ECE-BC24-5F9901A2FAD7}.Debug|Any CPU.ActiveCfg = Debug|Any CPU
		{1A8A64C2-EF04-4ECE-BC24-5F9901A2FAD7}.Debug|Any CPU.Build.0 = Debug|Any CPU
		{1A8A64C2-EF04-4ECE-BC24-5F9901A2FAD7}.Debug|ARM.ActiveCfg = Debug|Any CPU
		{1A8A64C2-EF04-4ECE-BC24-5F9901A2FAD7}.Debug|ARM.Build.0 = Debug|Any CPU
		{1A8A64C2-EF04-4ECE-BC24-5F9901A2FAD7}.Debug|iPhone.ActiveCfg = Debug|Any CPU
		{1A8A64C2-EF04-4ECE-BC24-5F9901A2FAD7}.Debug|iPhone.Build.0 = Debug|Any CPU
		{1A8A64C2-EF04-4ECE-BC24-5F9901A2FAD7}.Debug|iPhoneSimulator.ActiveCfg = Debug|Any CPU
		{1A8A64C2-EF04-4ECE-BC24-5F9901A2FAD7}.Debug|iPhoneSimulator.Build.0 = Debug|Any CPU
		{1A8A64C2-EF04-4ECE-BC24-5F9901A2FAD7}.Debug|x64.ActiveCfg = Debug|Any CPU
		{1A8A64C2-EF04-4ECE-BC24-5F9901A2FAD7}.Debug|x64.Build.0 = Debug|Any CPU
		{1A8A64C2-EF04-4ECE-BC24-5F9901A2FAD7}.Debug|x86.ActiveCfg = Debug|Any CPU
		{1A8A64C2-EF04-4ECE-BC24-5F9901A2FAD7}.Debug|x86.Build.0 = Debug|Any CPU
		{1A8A64C2-EF04-4ECE-BC24-5F9901A2FAD7}.Release|Any CPU.ActiveCfg = Release|Any CPU
		{1A8A64C2-EF04-4ECE-BC24-5F9901A2FAD7}.Release|Any CPU.Build.0 = Release|Any CPU
		{1A8A64C2-EF04-4ECE-BC24-5F9901A2FAD7}.Release|ARM.ActiveCfg = Release|Any CPU
		{1A8A64C2-EF04-4ECE-BC24-5F9901A2FAD7}.Release|ARM.Build.0 = Release|Any CPU
		{1A8A64C2-EF04-4ECE-BC24-5F9901A2FAD7}.Release|iPhone.ActiveCfg = Release|Any CPU
		{1A8A64C2-EF04-4ECE-BC24-5F9901A2FAD7}.Release|iPhone.Build.0 = Release|Any CPU
		{1A8A64C2-EF04-4ECE-BC24-5F9901A2FAD7}.Release|iPhoneSimulator.ActiveCfg = Release|Any CPU
		{1A8A64C2-EF04-4ECE-BC24-5F9901A2FAD7}.Release|iPhoneSimulator.Build.0 = Release|Any CPU
		{1A8A64C2-EF04-4ECE-BC24-5F9901A2FAD7}.Release|x64.ActiveCfg = Release|Any CPU
		{1A8A64C2-EF04-4ECE-BC24-5F9901A2FAD7}.Release|x64.Build.0 = Release|Any CPU
		{1A8A64C2-EF04-4ECE-BC24-5F9901A2FAD7}.Release|x86.ActiveCfg = Release|Any CPU
		{1A8A64C2-EF04-4ECE-BC24-5F9901A2FAD7}.Release|x86.Build.0 = Release|Any CPU
		{A3BAB2E3-6447-4A78-80CF-6143ED6C715B}.Ad-Hoc|Any CPU.ActiveCfg = Ad-Hoc|iPhone
		{A3BAB2E3-6447-4A78-80CF-6143ED6C715B}.Ad-Hoc|ARM.ActiveCfg = Ad-Hoc|iPhone
		{A3BAB2E3-6447-4A78-80CF-6143ED6C715B}.Ad-Hoc|iPhone.ActiveCfg = Ad-Hoc|iPhone
		{A3BAB2E3-6447-4A78-80CF-6143ED6C715B}.Ad-Hoc|iPhone.Build.0 = Ad-Hoc|iPhone
		{A3BAB2E3-6447-4A78-80CF-6143ED6C715B}.Ad-Hoc|iPhoneSimulator.ActiveCfg = Ad-Hoc|iPhoneSimulator
		{A3BAB2E3-6447-4A78-80CF-6143ED6C715B}.Ad-Hoc|iPhoneSimulator.Build.0 = Ad-Hoc|iPhoneSimulator
		{A3BAB2E3-6447-4A78-80CF-6143ED6C715B}.Ad-Hoc|x64.ActiveCfg = Ad-Hoc|iPhone
		{A3BAB2E3-6447-4A78-80CF-6143ED6C715B}.Ad-Hoc|x86.ActiveCfg = Ad-Hoc|iPhone
		{A3BAB2E3-6447-4A78-80CF-6143ED6C715B}.AppStore|Any CPU.ActiveCfg = AppStore|iPhone
		{A3BAB2E3-6447-4A78-80CF-6143ED6C715B}.AppStore|ARM.ActiveCfg = AppStore|iPhone
		{A3BAB2E3-6447-4A78-80CF-6143ED6C715B}.AppStore|iPhone.ActiveCfg = AppStore|iPhone
		{A3BAB2E3-6447-4A78-80CF-6143ED6C715B}.AppStore|iPhone.Build.0 = AppStore|iPhone
		{A3BAB2E3-6447-4A78-80CF-6143ED6C715B}.AppStore|iPhoneSimulator.ActiveCfg = AppStore|iPhoneSimulator
		{A3BAB2E3-6447-4A78-80CF-6143ED6C715B}.AppStore|iPhoneSimulator.Build.0 = AppStore|iPhoneSimulator
		{A3BAB2E3-6447-4A78-80CF-6143ED6C715B}.AppStore|x64.ActiveCfg = AppStore|iPhone
		{A3BAB2E3-6447-4A78-80CF-6143ED6C715B}.AppStore|x86.ActiveCfg = AppStore|iPhone
		{A3BAB2E3-6447-4A78-80CF-6143ED6C715B}.Debug|Any CPU.ActiveCfg = Debug|iPhone
		{A3BAB2E3-6447-4A78-80CF-6143ED6C715B}.Debug|ARM.ActiveCfg = Debug|iPhone
		{A3BAB2E3-6447-4A78-80CF-6143ED6C715B}.Debug|iPhone.ActiveCfg = Debug|iPhone
		{A3BAB2E3-6447-4A78-80CF-6143ED6C715B}.Debug|iPhone.Build.0 = Debug|iPhone
		{A3BAB2E3-6447-4A78-80CF-6143ED6C715B}.Debug|iPhoneSimulator.ActiveCfg = Debug|iPhoneSimulator
		{A3BAB2E3-6447-4A78-80CF-6143ED6C715B}.Debug|iPhoneSimulator.Build.0 = Debug|iPhoneSimulator
		{A3BAB2E3-6447-4A78-80CF-6143ED6C715B}.Debug|x64.ActiveCfg = Debug|iPhone
		{A3BAB2E3-6447-4A78-80CF-6143ED6C715B}.Debug|x86.ActiveCfg = Debug|iPhone
		{A3BAB2E3-6447-4A78-80CF-6143ED6C715B}.Release|Any CPU.ActiveCfg = Release|iPhone
		{A3BAB2E3-6447-4A78-80CF-6143ED6C715B}.Release|ARM.ActiveCfg = Release|iPhone
		{A3BAB2E3-6447-4A78-80CF-6143ED6C715B}.Release|iPhone.ActiveCfg = Release|iPhone
		{A3BAB2E3-6447-4A78-80CF-6143ED6C715B}.Release|iPhone.Build.0 = Release|iPhone
		{A3BAB2E3-6447-4A78-80CF-6143ED6C715B}.Release|iPhoneSimulator.ActiveCfg = Release|iPhoneSimulator
		{A3BAB2E3-6447-4A78-80CF-6143ED6C715B}.Release|iPhoneSimulator.Build.0 = Release|iPhoneSimulator
		{A3BAB2E3-6447-4A78-80CF-6143ED6C715B}.Release|x64.ActiveCfg = Release|iPhone
		{A3BAB2E3-6447-4A78-80CF-6143ED6C715B}.Release|x86.ActiveCfg = Release|iPhone
		{2481DDB7-420E-4E06-9C4D-BB02C6CEC7A0}.Ad-Hoc|Any CPU.ActiveCfg = Release|Any CPU
		{2481DDB7-420E-4E06-9C4D-BB02C6CEC7A0}.Ad-Hoc|Any CPU.Build.0 = Release|Any CPU
		{2481DDB7-420E-4E06-9C4D-BB02C6CEC7A0}.Ad-Hoc|ARM.ActiveCfg = Release|Any CPU
		{2481DDB7-420E-4E06-9C4D-BB02C6CEC7A0}.Ad-Hoc|ARM.Build.0 = Release|Any CPU
		{2481DDB7-420E-4E06-9C4D-BB02C6CEC7A0}.Ad-Hoc|iPhone.ActiveCfg = Release|Any CPU
		{2481DDB7-420E-4E06-9C4D-BB02C6CEC7A0}.Ad-Hoc|iPhone.Build.0 = Release|Any CPU
		{2481DDB7-420E-4E06-9C4D-BB02C6CEC7A0}.Ad-Hoc|iPhoneSimulator.ActiveCfg = Release|Any CPU
		{2481DDB7-420E-4E06-9C4D-BB02C6CEC7A0}.Ad-Hoc|iPhoneSimulator.Build.0 = Release|Any CPU
		{2481DDB7-420E-4E06-9C4D-BB02C6CEC7A0}.Ad-Hoc|x64.ActiveCfg = Release|Any CPU
		{2481DDB7-420E-4E06-9C4D-BB02C6CEC7A0}.Ad-Hoc|x64.Build.0 = Release|Any CPU
		{2481DDB7-420E-4E06-9C4D-BB02C6CEC7A0}.Ad-Hoc|x86.ActiveCfg = Release|Any CPU
		{2481DDB7-420E-4E06-9C4D-BB02C6CEC7A0}.Ad-Hoc|x86.Build.0 = Release|Any CPU
		{2481DDB7-420E-4E06-9C4D-BB02C6CEC7A0}.AppStore|Any CPU.ActiveCfg = Release|Any CPU
		{2481DDB7-420E-4E06-9C4D-BB02C6CEC7A0}.AppStore|Any CPU.Build.0 = Release|Any CPU
		{2481DDB7-420E-4E06-9C4D-BB02C6CEC7A0}.AppStore|ARM.ActiveCfg = Release|Any CPU
		{2481DDB7-420E-4E06-9C4D-BB02C6CEC7A0}.AppStore|ARM.Build.0 = Release|Any CPU
		{2481DDB7-420E-4E06-9C4D-BB02C6CEC7A0}.AppStore|iPhone.ActiveCfg = Release|Any CPU
		{2481DDB7-420E-4E06-9C4D-BB02C6CEC7A0}.AppStore|iPhone.Build.0 = Release|Any CPU
		{2481DDB7-420E-4E06-9C4D-BB02C6CEC7A0}.AppStore|iPhoneSimulator.ActiveCfg = Release|Any CPU
		{2481DDB7-420E-4E06-9C4D-BB02C6CEC7A0}.AppStore|iPhoneSimulator.Build.0 = Release|Any CPU
		{2481DDB7-420E-4E06-9C4D-BB02C6CEC7A0}.AppStore|x64.ActiveCfg = Release|Any CPU
		{2481DDB7-420E-4E06-9C4D-BB02C6CEC7A0}.AppStore|x64.Build.0 = Release|Any CPU
		{2481DDB7-420E-4E06-9C4D-BB02C6CEC7A0}.AppStore|x86.ActiveCfg = Release|Any CPU
		{2481DDB7-420E-4E06-9C4D-BB02C6CEC7A0}.AppStore|x86.Build.0 = Release|Any CPU
		{2481DDB7-420E-4E06-9C4D-BB02C6CEC7A0}.Debug|Any CPU.ActiveCfg = Debug|Any CPU
		{2481DDB7-420E-4E06-9C4D-BB02C6CEC7A0}.Debug|Any CPU.Build.0 = Debug|Any CPU
		{2481DDB7-420E-4E06-9C4D-BB02C6CEC7A0}.Debug|ARM.ActiveCfg = Debug|Any CPU
		{2481DDB7-420E-4E06-9C4D-BB02C6CEC7A0}.Debug|ARM.Build.0 = Debug|Any CPU
		{2481DDB7-420E-4E06-9C4D-BB02C6CEC7A0}.Debug|iPhone.ActiveCfg = Debug|Any CPU
		{2481DDB7-420E-4E06-9C4D-BB02C6CEC7A0}.Debug|iPhone.Build.0 = Debug|Any CPU
		{2481DDB7-420E-4E06-9C4D-BB02C6CEC7A0}.Debug|iPhoneSimulator.ActiveCfg = Debug|Any CPU
		{2481DDB7-420E-4E06-9C4D-BB02C6CEC7A0}.Debug|iPhoneSimulator.Build.0 = Debug|Any CPU
		{2481DDB7-420E-4E06-9C4D-BB02C6CEC7A0}.Debug|x64.ActiveCfg = Debug|Any CPU
		{2481DDB7-420E-4E06-9C4D-BB02C6CEC7A0}.Debug|x64.Build.0 = Debug|Any CPU
		{2481DDB7-420E-4E06-9C4D-BB02C6CEC7A0}.Debug|x86.ActiveCfg = Debug|Any CPU
		{2481DDB7-420E-4E06-9C4D-BB02C6CEC7A0}.Debug|x86.Build.0 = Debug|Any CPU
		{2481DDB7-420E-4E06-9C4D-BB02C6CEC7A0}.Release|Any CPU.ActiveCfg = Release|Any CPU
		{2481DDB7-420E-4E06-9C4D-BB02C6CEC7A0}.Release|Any CPU.Build.0 = Release|Any CPU
		{2481DDB7-420E-4E06-9C4D-BB02C6CEC7A0}.Release|ARM.ActiveCfg = Release|Any CPU
		{2481DDB7-420E-4E06-9C4D-BB02C6CEC7A0}.Release|ARM.Build.0 = Release|Any CPU
		{2481DDB7-420E-4E06-9C4D-BB02C6CEC7A0}.Release|iPhone.ActiveCfg = Release|Any CPU
		{2481DDB7-420E-4E06-9C4D-BB02C6CEC7A0}.Release|iPhone.Build.0 = Release|Any CPU
		{2481DDB7-420E-4E06-9C4D-BB02C6CEC7A0}.Release|iPhoneSimulator.ActiveCfg = Release|Any CPU
		{2481DDB7-420E-4E06-9C4D-BB02C6CEC7A0}.Release|iPhoneSimulator.Build.0 = Release|Any CPU
		{2481DDB7-420E-4E06-9C4D-BB02C6CEC7A0}.Release|x64.ActiveCfg = Release|Any CPU
		{2481DDB7-420E-4E06-9C4D-BB02C6CEC7A0}.Release|x64.Build.0 = Release|Any CPU
		{2481DDB7-420E-4E06-9C4D-BB02C6CEC7A0}.Release|x86.ActiveCfg = Release|Any CPU
		{2481DDB7-420E-4E06-9C4D-BB02C6CEC7A0}.Release|x86.Build.0 = Release|Any CPU
		{D3D13ED7-4AA1-4A32-9AE3-8E1AD5173D77}.Ad-Hoc|Any CPU.ActiveCfg = Release|Any CPU
		{D3D13ED7-4AA1-4A32-9AE3-8E1AD5173D77}.Ad-Hoc|Any CPU.Build.0 = Release|Any CPU
		{D3D13ED7-4AA1-4A32-9AE3-8E1AD5173D77}.Ad-Hoc|ARM.ActiveCfg = Release|Any CPU
		{D3D13ED7-4AA1-4A32-9AE3-8E1AD5173D77}.Ad-Hoc|ARM.Build.0 = Release|Any CPU
		{D3D13ED7-4AA1-4A32-9AE3-8E1AD5173D77}.Ad-Hoc|iPhone.ActiveCfg = Release|Any CPU
		{D3D13ED7-4AA1-4A32-9AE3-8E1AD5173D77}.Ad-Hoc|iPhone.Build.0 = Release|Any CPU
		{D3D13ED7-4AA1-4A32-9AE3-8E1AD5173D77}.Ad-Hoc|iPhoneSimulator.ActiveCfg = Release|Any CPU
		{D3D13ED7-4AA1-4A32-9AE3-8E1AD5173D77}.Ad-Hoc|iPhoneSimulator.Build.0 = Release|Any CPU
		{D3D13ED7-4AA1-4A32-9AE3-8E1AD5173D77}.Ad-Hoc|x64.ActiveCfg = Release|Any CPU
		{D3D13ED7-4AA1-4A32-9AE3-8E1AD5173D77}.Ad-Hoc|x64.Build.0 = Release|Any CPU
		{D3D13ED7-4AA1-4A32-9AE3-8E1AD5173D77}.Ad-Hoc|x86.ActiveCfg = Release|Any CPU
		{D3D13ED7-4AA1-4A32-9AE3-8E1AD5173D77}.Ad-Hoc|x86.Build.0 = Release|Any CPU
		{D3D13ED7-4AA1-4A32-9AE3-8E1AD5173D77}.AppStore|Any CPU.ActiveCfg = Release|Any CPU
		{D3D13ED7-4AA1-4A32-9AE3-8E1AD5173D77}.AppStore|Any CPU.Build.0 = Release|Any CPU
		{D3D13ED7-4AA1-4A32-9AE3-8E1AD5173D77}.AppStore|ARM.ActiveCfg = Release|Any CPU
		{D3D13ED7-4AA1-4A32-9AE3-8E1AD5173D77}.AppStore|ARM.Build.0 = Release|Any CPU
		{D3D13ED7-4AA1-4A32-9AE3-8E1AD5173D77}.AppStore|iPhone.ActiveCfg = Release|Any CPU
		{D3D13ED7-4AA1-4A32-9AE3-8E1AD5173D77}.AppStore|iPhone.Build.0 = Release|Any CPU
		{D3D13ED7-4AA1-4A32-9AE3-8E1AD5173D77}.AppStore|iPhoneSimulator.ActiveCfg = Release|Any CPU
		{D3D13ED7-4AA1-4A32-9AE3-8E1AD5173D77}.AppStore|iPhoneSimulator.Build.0 = Release|Any CPU
		{D3D13ED7-4AA1-4A32-9AE3-8E1AD5173D77}.AppStore|x64.ActiveCfg = Release|Any CPU
		{D3D13ED7-4AA1-4A32-9AE3-8E1AD5173D77}.AppStore|x64.Build.0 = Release|Any CPU
		{D3D13ED7-4AA1-4A32-9AE3-8E1AD5173D77}.AppStore|x86.ActiveCfg = Release|Any CPU
		{D3D13ED7-4AA1-4A32-9AE3-8E1AD5173D77}.AppStore|x86.Build.0 = Release|Any CPU
		{D3D13ED7-4AA1-4A32-9AE3-8E1AD5173D77}.Debug|Any CPU.ActiveCfg = Debug|Any CPU
		{D3D13ED7-4AA1-4A32-9AE3-8E1AD5173D77}.Debug|Any CPU.Build.0 = Debug|Any CPU
		{D3D13ED7-4AA1-4A32-9AE3-8E1AD5173D77}.Debug|ARM.ActiveCfg = Debug|Any CPU
		{D3D13ED7-4AA1-4A32-9AE3-8E1AD5173D77}.Debug|ARM.Build.0 = Debug|Any CPU
		{D3D13ED7-4AA1-4A32-9AE3-8E1AD5173D77}.Debug|iPhone.ActiveCfg = Debug|Any CPU
		{D3D13ED7-4AA1-4A32-9AE3-8E1AD5173D77}.Debug|iPhone.Build.0 = Debug|Any CPU
		{D3D13ED7-4AA1-4A32-9AE3-8E1AD5173D77}.Debug|iPhoneSimulator.ActiveCfg = Debug|Any CPU
		{D3D13ED7-4AA1-4A32-9AE3-8E1AD5173D77}.Debug|iPhoneSimulator.Build.0 = Debug|Any CPU
		{D3D13ED7-4AA1-4A32-9AE3-8E1AD5173D77}.Debug|x64.ActiveCfg = Debug|Any CPU
		{D3D13ED7-4AA1-4A32-9AE3-8E1AD5173D77}.Debug|x64.Build.0 = Debug|Any CPU
		{D3D13ED7-4AA1-4A32-9AE3-8E1AD5173D77}.Debug|x86.ActiveCfg = Debug|Any CPU
		{D3D13ED7-4AA1-4A32-9AE3-8E1AD5173D77}.Debug|x86.Build.0 = Debug|Any CPU
		{D3D13ED7-4AA1-4A32-9AE3-8E1AD5173D77}.Release|Any CPU.ActiveCfg = Release|Any CPU
		{D3D13ED7-4AA1-4A32-9AE3-8E1AD5173D77}.Release|Any CPU.Build.0 = Release|Any CPU
		{D3D13ED7-4AA1-4A32-9AE3-8E1AD5173D77}.Release|ARM.ActiveCfg = Release|Any CPU
		{D3D13ED7-4AA1-4A32-9AE3-8E1AD5173D77}.Release|ARM.Build.0 = Release|Any CPU
		{D3D13ED7-4AA1-4A32-9AE3-8E1AD5173D77}.Release|iPhone.ActiveCfg = Release|Any CPU
		{D3D13ED7-4AA1-4A32-9AE3-8E1AD5173D77}.Release|iPhone.Build.0 = Release|Any CPU
		{D3D13ED7-4AA1-4A32-9AE3-8E1AD5173D77}.Release|iPhoneSimulator.ActiveCfg = Release|Any CPU
		{D3D13ED7-4AA1-4A32-9AE3-8E1AD5173D77}.Release|iPhoneSimulator.Build.0 = Release|Any CPU
		{D3D13ED7-4AA1-4A32-9AE3-8E1AD5173D77}.Release|x64.ActiveCfg = Release|Any CPU
		{D3D13ED7-4AA1-4A32-9AE3-8E1AD5173D77}.Release|x64.Build.0 = Release|Any CPU
		{D3D13ED7-4AA1-4A32-9AE3-8E1AD5173D77}.Release|x86.ActiveCfg = Release|Any CPU
		{D3D13ED7-4AA1-4A32-9AE3-8E1AD5173D77}.Release|x86.Build.0 = Release|Any CPU
		{7F7EAFD0-CF04-49A7-99BA-79ED37DB845D}.Ad-Hoc|Any CPU.ActiveCfg = Ad-Hoc|iPhone
		{7F7EAFD0-CF04-49A7-99BA-79ED37DB845D}.Ad-Hoc|ARM.ActiveCfg = Ad-Hoc|iPhone
		{7F7EAFD0-CF04-49A7-99BA-79ED37DB845D}.Ad-Hoc|iPhone.ActiveCfg = Ad-Hoc|iPhone
		{7F7EAFD0-CF04-49A7-99BA-79ED37DB845D}.Ad-Hoc|iPhone.Build.0 = Ad-Hoc|iPhone
		{7F7EAFD0-CF04-49A7-99BA-79ED37DB845D}.Ad-Hoc|iPhoneSimulator.ActiveCfg = Ad-Hoc|iPhoneSimulator
		{7F7EAFD0-CF04-49A7-99BA-79ED37DB845D}.Ad-Hoc|iPhoneSimulator.Build.0 = Ad-Hoc|iPhoneSimulator
		{7F7EAFD0-CF04-49A7-99BA-79ED37DB845D}.Ad-Hoc|x64.ActiveCfg = Ad-Hoc|iPhone
		{7F7EAFD0-CF04-49A7-99BA-79ED37DB845D}.Ad-Hoc|x86.ActiveCfg = Ad-Hoc|iPhone
		{7F7EAFD0-CF04-49A7-99BA-79ED37DB845D}.AppStore|Any CPU.ActiveCfg = AppStore|iPhone
		{7F7EAFD0-CF04-49A7-99BA-79ED37DB845D}.AppStore|ARM.ActiveCfg = AppStore|iPhone
		{7F7EAFD0-CF04-49A7-99BA-79ED37DB845D}.AppStore|iPhone.ActiveCfg = AppStore|iPhone
		{7F7EAFD0-CF04-49A7-99BA-79ED37DB845D}.AppStore|iPhone.Build.0 = AppStore|iPhone
		{7F7EAFD0-CF04-49A7-99BA-79ED37DB845D}.AppStore|iPhoneSimulator.ActiveCfg = AppStore|iPhoneSimulator
		{7F7EAFD0-CF04-49A7-99BA-79ED37DB845D}.AppStore|iPhoneSimulator.Build.0 = AppStore|iPhoneSimulator
		{7F7EAFD0-CF04-49A7-99BA-79ED37DB845D}.AppStore|x64.ActiveCfg = AppStore|iPhone
		{7F7EAFD0-CF04-49A7-99BA-79ED37DB845D}.AppStore|x86.ActiveCfg = AppStore|iPhone
		{7F7EAFD0-CF04-49A7-99BA-79ED37DB845D}.Debug|Any CPU.ActiveCfg = Debug|iPhone
		{7F7EAFD0-CF04-49A7-99BA-79ED37DB845D}.Debug|ARM.ActiveCfg = Debug|iPhone
		{7F7EAFD0-CF04-49A7-99BA-79ED37DB845D}.Debug|iPhone.ActiveCfg = Debug|iPhone
		{7F7EAFD0-CF04-49A7-99BA-79ED37DB845D}.Debug|iPhone.Build.0 = Debug|iPhone
		{7F7EAFD0-CF04-49A7-99BA-79ED37DB845D}.Debug|iPhoneSimulator.ActiveCfg = Debug|iPhoneSimulator
		{7F7EAFD0-CF04-49A7-99BA-79ED37DB845D}.Debug|iPhoneSimulator.Build.0 = Debug|iPhoneSimulator
		{7F7EAFD0-CF04-49A7-99BA-79ED37DB845D}.Debug|x64.ActiveCfg = Debug|iPhone
		{7F7EAFD0-CF04-49A7-99BA-79ED37DB845D}.Debug|x86.ActiveCfg = Debug|iPhone
		{7F7EAFD0-CF04-49A7-99BA-79ED37DB845D}.Release|Any CPU.ActiveCfg = Release|iPhone
		{7F7EAFD0-CF04-49A7-99BA-79ED37DB845D}.Release|ARM.ActiveCfg = Release|iPhone
		{7F7EAFD0-CF04-49A7-99BA-79ED37DB845D}.Release|iPhone.ActiveCfg = Release|iPhone
		{7F7EAFD0-CF04-49A7-99BA-79ED37DB845D}.Release|iPhone.Build.0 = Release|iPhone
		{7F7EAFD0-CF04-49A7-99BA-79ED37DB845D}.Release|iPhoneSimulator.ActiveCfg = Release|iPhoneSimulator
		{7F7EAFD0-CF04-49A7-99BA-79ED37DB845D}.Release|iPhoneSimulator.Build.0 = Release|iPhoneSimulator
		{7F7EAFD0-CF04-49A7-99BA-79ED37DB845D}.Release|x64.ActiveCfg = Release|iPhone
		{7F7EAFD0-CF04-49A7-99BA-79ED37DB845D}.Release|x86.ActiveCfg = Release|iPhone
		{67F9D3A8-F71E-4428-913F-C37AE82CDB24}.Ad-Hoc|Any CPU.ActiveCfg = Release|Any CPU
		{67F9D3A8-F71E-4428-913F-C37AE82CDB24}.Ad-Hoc|Any CPU.Build.0 = Release|Any CPU
		{67F9D3A8-F71E-4428-913F-C37AE82CDB24}.Ad-Hoc|ARM.ActiveCfg = Release|Any CPU
		{67F9D3A8-F71E-4428-913F-C37AE82CDB24}.Ad-Hoc|ARM.Build.0 = Release|Any CPU
		{67F9D3A8-F71E-4428-913F-C37AE82CDB24}.Ad-Hoc|iPhone.ActiveCfg = Release|Any CPU
		{67F9D3A8-F71E-4428-913F-C37AE82CDB24}.Ad-Hoc|iPhone.Build.0 = Release|Any CPU
		{67F9D3A8-F71E-4428-913F-C37AE82CDB24}.Ad-Hoc|iPhoneSimulator.ActiveCfg = Release|Any CPU
		{67F9D3A8-F71E-4428-913F-C37AE82CDB24}.Ad-Hoc|iPhoneSimulator.Build.0 = Release|Any CPU
		{67F9D3A8-F71E-4428-913F-C37AE82CDB24}.Ad-Hoc|x64.ActiveCfg = Release|Any CPU
		{67F9D3A8-F71E-4428-913F-C37AE82CDB24}.Ad-Hoc|x64.Build.0 = Release|Any CPU
		{67F9D3A8-F71E-4428-913F-C37AE82CDB24}.Ad-Hoc|x86.ActiveCfg = Release|Any CPU
		{67F9D3A8-F71E-4428-913F-C37AE82CDB24}.Ad-Hoc|x86.Build.0 = Release|Any CPU
		{67F9D3A8-F71E-4428-913F-C37AE82CDB24}.AppStore|Any CPU.ActiveCfg = Release|Any CPU
		{67F9D3A8-F71E-4428-913F-C37AE82CDB24}.AppStore|Any CPU.Build.0 = Release|Any CPU
		{67F9D3A8-F71E-4428-913F-C37AE82CDB24}.AppStore|ARM.ActiveCfg = Release|Any CPU
		{67F9D3A8-F71E-4428-913F-C37AE82CDB24}.AppStore|ARM.Build.0 = Release|Any CPU
		{67F9D3A8-F71E-4428-913F-C37AE82CDB24}.AppStore|iPhone.ActiveCfg = Release|Any CPU
		{67F9D3A8-F71E-4428-913F-C37AE82CDB24}.AppStore|iPhone.Build.0 = Release|Any CPU
		{67F9D3A8-F71E-4428-913F-C37AE82CDB24}.AppStore|iPhoneSimulator.ActiveCfg = Release|Any CPU
		{67F9D3A8-F71E-4428-913F-C37AE82CDB24}.AppStore|iPhoneSimulator.Build.0 = Release|Any CPU
		{67F9D3A8-F71E-4428-913F-C37AE82CDB24}.AppStore|x64.ActiveCfg = Release|Any CPU
		{67F9D3A8-F71E-4428-913F-C37AE82CDB24}.AppStore|x64.Build.0 = Release|Any CPU
		{67F9D3A8-F71E-4428-913F-C37AE82CDB24}.AppStore|x86.ActiveCfg = Release|Any CPU
		{67F9D3A8-F71E-4428-913F-C37AE82CDB24}.AppStore|x86.Build.0 = Release|Any CPU
		{67F9D3A8-F71E-4428-913F-C37AE82CDB24}.Debug|Any CPU.ActiveCfg = Debug|Any CPU
		{67F9D3A8-F71E-4428-913F-C37AE82CDB24}.Debug|Any CPU.Build.0 = Debug|Any CPU
		{67F9D3A8-F71E-4428-913F-C37AE82CDB24}.Debug|ARM.ActiveCfg = Debug|Any CPU
		{67F9D3A8-F71E-4428-913F-C37AE82CDB24}.Debug|ARM.Build.0 = Debug|Any CPU
		{67F9D3A8-F71E-4428-913F-C37AE82CDB24}.Debug|iPhone.ActiveCfg = Debug|Any CPU
		{67F9D3A8-F71E-4428-913F-C37AE82CDB24}.Debug|iPhone.Build.0 = Debug|Any CPU
		{67F9D3A8-F71E-4428-913F-C37AE82CDB24}.Debug|iPhoneSimulator.ActiveCfg = Debug|Any CPU
		{67F9D3A8-F71E-4428-913F-C37AE82CDB24}.Debug|iPhoneSimulator.Build.0 = Debug|Any CPU
		{67F9D3A8-F71E-4428-913F-C37AE82CDB24}.Debug|x64.ActiveCfg = Debug|Any CPU
		{67F9D3A8-F71E-4428-913F-C37AE82CDB24}.Debug|x64.Build.0 = Debug|Any CPU
		{67F9D3A8-F71E-4428-913F-C37AE82CDB24}.Debug|x86.ActiveCfg = Debug|Any CPU
		{67F9D3A8-F71E-4428-913F-C37AE82CDB24}.Debug|x86.Build.0 = Debug|Any CPU
		{67F9D3A8-F71E-4428-913F-C37AE82CDB24}.Release|Any CPU.ActiveCfg = Release|Any CPU
		{67F9D3A8-F71E-4428-913F-C37AE82CDB24}.Release|Any CPU.Build.0 = Release|Any CPU
		{67F9D3A8-F71E-4428-913F-C37AE82CDB24}.Release|ARM.ActiveCfg = Release|Any CPU
		{67F9D3A8-F71E-4428-913F-C37AE82CDB24}.Release|ARM.Build.0 = Release|Any CPU
		{67F9D3A8-F71E-4428-913F-C37AE82CDB24}.Release|iPhone.ActiveCfg = Release|Any CPU
		{67F9D3A8-F71E-4428-913F-C37AE82CDB24}.Release|iPhone.Build.0 = Release|Any CPU
		{67F9D3A8-F71E-4428-913F-C37AE82CDB24}.Release|iPhoneSimulator.ActiveCfg = Release|Any CPU
		{67F9D3A8-F71E-4428-913F-C37AE82CDB24}.Release|iPhoneSimulator.Build.0 = Release|Any CPU
		{67F9D3A8-F71E-4428-913F-C37AE82CDB24}.Release|x64.ActiveCfg = Release|Any CPU
		{67F9D3A8-F71E-4428-913F-C37AE82CDB24}.Release|x64.Build.0 = Release|Any CPU
		{67F9D3A8-F71E-4428-913F-C37AE82CDB24}.Release|x86.ActiveCfg = Release|Any CPU
		{67F9D3A8-F71E-4428-913F-C37AE82CDB24}.Release|x86.Build.0 = Release|Any CPU
		{DDE30EC7-FB9C-4018-8335-BCFC5F7DC22C}.Ad-Hoc|Any CPU.ActiveCfg = Release|Any CPU
		{DDE30EC7-FB9C-4018-8335-BCFC5F7DC22C}.Ad-Hoc|Any CPU.Build.0 = Release|Any CPU
		{DDE30EC7-FB9C-4018-8335-BCFC5F7DC22C}.Ad-Hoc|ARM.ActiveCfg = Release|Any CPU
		{DDE30EC7-FB9C-4018-8335-BCFC5F7DC22C}.Ad-Hoc|ARM.Build.0 = Release|Any CPU
		{DDE30EC7-FB9C-4018-8335-BCFC5F7DC22C}.Ad-Hoc|iPhone.ActiveCfg = Release|Any CPU
		{DDE30EC7-FB9C-4018-8335-BCFC5F7DC22C}.Ad-Hoc|iPhone.Build.0 = Release|Any CPU
		{DDE30EC7-FB9C-4018-8335-BCFC5F7DC22C}.Ad-Hoc|iPhoneSimulator.ActiveCfg = Release|Any CPU
		{DDE30EC7-FB9C-4018-8335-BCFC5F7DC22C}.Ad-Hoc|iPhoneSimulator.Build.0 = Release|Any CPU
		{DDE30EC7-FB9C-4018-8335-BCFC5F7DC22C}.Ad-Hoc|x64.ActiveCfg = Release|Any CPU
		{DDE30EC7-FB9C-4018-8335-BCFC5F7DC22C}.Ad-Hoc|x64.Build.0 = Release|Any CPU
		{DDE30EC7-FB9C-4018-8335-BCFC5F7DC22C}.Ad-Hoc|x86.ActiveCfg = Release|Any CPU
		{DDE30EC7-FB9C-4018-8335-BCFC5F7DC22C}.Ad-Hoc|x86.Build.0 = Release|Any CPU
		{DDE30EC7-FB9C-4018-8335-BCFC5F7DC22C}.AppStore|Any CPU.ActiveCfg = Release|Any CPU
		{DDE30EC7-FB9C-4018-8335-BCFC5F7DC22C}.AppStore|Any CPU.Build.0 = Release|Any CPU
		{DDE30EC7-FB9C-4018-8335-BCFC5F7DC22C}.AppStore|ARM.ActiveCfg = Release|Any CPU
		{DDE30EC7-FB9C-4018-8335-BCFC5F7DC22C}.AppStore|ARM.Build.0 = Release|Any CPU
		{DDE30EC7-FB9C-4018-8335-BCFC5F7DC22C}.AppStore|iPhone.ActiveCfg = Release|Any CPU
		{DDE30EC7-FB9C-4018-8335-BCFC5F7DC22C}.AppStore|iPhone.Build.0 = Release|Any CPU
		{DDE30EC7-FB9C-4018-8335-BCFC5F7DC22C}.AppStore|iPhoneSimulator.ActiveCfg = Release|Any CPU
		{DDE30EC7-FB9C-4018-8335-BCFC5F7DC22C}.AppStore|iPhoneSimulator.Build.0 = Release|Any CPU
		{DDE30EC7-FB9C-4018-8335-BCFC5F7DC22C}.AppStore|x64.ActiveCfg = Release|Any CPU
		{DDE30EC7-FB9C-4018-8335-BCFC5F7DC22C}.AppStore|x64.Build.0 = Release|Any CPU
		{DDE30EC7-FB9C-4018-8335-BCFC5F7DC22C}.AppStore|x86.ActiveCfg = Release|Any CPU
		{DDE30EC7-FB9C-4018-8335-BCFC5F7DC22C}.AppStore|x86.Build.0 = Release|Any CPU
		{DDE30EC7-FB9C-4018-8335-BCFC5F7DC22C}.Debug|Any CPU.ActiveCfg = Debug|Any CPU
		{DDE30EC7-FB9C-4018-8335-BCFC5F7DC22C}.Debug|Any CPU.Build.0 = Debug|Any CPU
		{DDE30EC7-FB9C-4018-8335-BCFC5F7DC22C}.Debug|ARM.ActiveCfg = Debug|Any CPU
		{DDE30EC7-FB9C-4018-8335-BCFC5F7DC22C}.Debug|ARM.Build.0 = Debug|Any CPU
		{DDE30EC7-FB9C-4018-8335-BCFC5F7DC22C}.Debug|iPhone.ActiveCfg = Debug|Any CPU
		{DDE30EC7-FB9C-4018-8335-BCFC5F7DC22C}.Debug|iPhone.Build.0 = Debug|Any CPU
		{DDE30EC7-FB9C-4018-8335-BCFC5F7DC22C}.Debug|iPhoneSimulator.ActiveCfg = Debug|Any CPU
		{DDE30EC7-FB9C-4018-8335-BCFC5F7DC22C}.Debug|iPhoneSimulator.Build.0 = Debug|Any CPU
		{DDE30EC7-FB9C-4018-8335-BCFC5F7DC22C}.Debug|x64.ActiveCfg = Debug|Any CPU
		{DDE30EC7-FB9C-4018-8335-BCFC5F7DC22C}.Debug|x64.Build.0 = Debug|Any CPU
		{DDE30EC7-FB9C-4018-8335-BCFC5F7DC22C}.Debug|x86.ActiveCfg = Debug|Any CPU
		{DDE30EC7-FB9C-4018-8335-BCFC5F7DC22C}.Debug|x86.Build.0 = Debug|Any CPU
		{DDE30EC7-FB9C-4018-8335-BCFC5F7DC22C}.Release|Any CPU.ActiveCfg = Release|Any CPU
		{DDE30EC7-FB9C-4018-8335-BCFC5F7DC22C}.Release|Any CPU.Build.0 = Release|Any CPU
		{DDE30EC7-FB9C-4018-8335-BCFC5F7DC22C}.Release|ARM.ActiveCfg = Release|Any CPU
		{DDE30EC7-FB9C-4018-8335-BCFC5F7DC22C}.Release|ARM.Build.0 = Release|Any CPU
		{DDE30EC7-FB9C-4018-8335-BCFC5F7DC22C}.Release|iPhone.ActiveCfg = Release|Any CPU
		{DDE30EC7-FB9C-4018-8335-BCFC5F7DC22C}.Release|iPhone.Build.0 = Release|Any CPU
		{DDE30EC7-FB9C-4018-8335-BCFC5F7DC22C}.Release|iPhoneSimulator.ActiveCfg = Release|Any CPU
		{DDE30EC7-FB9C-4018-8335-BCFC5F7DC22C}.Release|iPhoneSimulator.Build.0 = Release|Any CPU
		{DDE30EC7-FB9C-4018-8335-BCFC5F7DC22C}.Release|x64.ActiveCfg = Release|Any CPU
		{DDE30EC7-FB9C-4018-8335-BCFC5F7DC22C}.Release|x64.Build.0 = Release|Any CPU
		{DDE30EC7-FB9C-4018-8335-BCFC5F7DC22C}.Release|x86.ActiveCfg = Release|Any CPU
		{DDE30EC7-FB9C-4018-8335-BCFC5F7DC22C}.Release|x86.Build.0 = Release|Any CPU
		{D4FBD557-08FD-45B4-AA31-5083BDDD2296}.Ad-Hoc|Any CPU.ActiveCfg = Release|Any CPU
		{D4FBD557-08FD-45B4-AA31-5083BDDD2296}.Ad-Hoc|Any CPU.Build.0 = Release|Any CPU
		{D4FBD557-08FD-45B4-AA31-5083BDDD2296}.Ad-Hoc|ARM.ActiveCfg = Release|Any CPU
		{D4FBD557-08FD-45B4-AA31-5083BDDD2296}.Ad-Hoc|ARM.Build.0 = Release|Any CPU
		{D4FBD557-08FD-45B4-AA31-5083BDDD2296}.Ad-Hoc|iPhone.ActiveCfg = Release|Any CPU
		{D4FBD557-08FD-45B4-AA31-5083BDDD2296}.Ad-Hoc|iPhone.Build.0 = Release|Any CPU
		{D4FBD557-08FD-45B4-AA31-5083BDDD2296}.Ad-Hoc|iPhoneSimulator.ActiveCfg = Release|Any CPU
		{D4FBD557-08FD-45B4-AA31-5083BDDD2296}.Ad-Hoc|iPhoneSimulator.Build.0 = Release|Any CPU
		{D4FBD557-08FD-45B4-AA31-5083BDDD2296}.Ad-Hoc|x64.ActiveCfg = Release|Any CPU
		{D4FBD557-08FD-45B4-AA31-5083BDDD2296}.Ad-Hoc|x64.Build.0 = Release|Any CPU
		{D4FBD557-08FD-45B4-AA31-5083BDDD2296}.Ad-Hoc|x86.ActiveCfg = Release|Any CPU
		{D4FBD557-08FD-45B4-AA31-5083BDDD2296}.Ad-Hoc|x86.Build.0 = Release|Any CPU
		{D4FBD557-08FD-45B4-AA31-5083BDDD2296}.AppStore|Any CPU.ActiveCfg = Release|Any CPU
		{D4FBD557-08FD-45B4-AA31-5083BDDD2296}.AppStore|Any CPU.Build.0 = Release|Any CPU
		{D4FBD557-08FD-45B4-AA31-5083BDDD2296}.AppStore|ARM.ActiveCfg = Release|Any CPU
		{D4FBD557-08FD-45B4-AA31-5083BDDD2296}.AppStore|ARM.Build.0 = Release|Any CPU
		{D4FBD557-08FD-45B4-AA31-5083BDDD2296}.AppStore|iPhone.ActiveCfg = Release|Any CPU
		{D4FBD557-08FD-45B4-AA31-5083BDDD2296}.AppStore|iPhone.Build.0 = Release|Any CPU
		{D4FBD557-08FD-45B4-AA31-5083BDDD2296}.AppStore|iPhoneSimulator.ActiveCfg = Release|Any CPU
		{D4FBD557-08FD-45B4-AA31-5083BDDD2296}.AppStore|iPhoneSimulator.Build.0 = Release|Any CPU
		{D4FBD557-08FD-45B4-AA31-5083BDDD2296}.AppStore|x64.ActiveCfg = Release|Any CPU
		{D4FBD557-08FD-45B4-AA31-5083BDDD2296}.AppStore|x64.Build.0 = Release|Any CPU
		{D4FBD557-08FD-45B4-AA31-5083BDDD2296}.AppStore|x86.ActiveCfg = Release|Any CPU
		{D4FBD557-08FD-45B4-AA31-5083BDDD2296}.AppStore|x86.Build.0 = Release|Any CPU
		{D4FBD557-08FD-45B4-AA31-5083BDDD2296}.Debug|Any CPU.ActiveCfg = Debug|Any CPU
		{D4FBD557-08FD-45B4-AA31-5083BDDD2296}.Debug|Any CPU.Build.0 = Debug|Any CPU
		{D4FBD557-08FD-45B4-AA31-5083BDDD2296}.Debug|ARM.ActiveCfg = Debug|Any CPU
		{D4FBD557-08FD-45B4-AA31-5083BDDD2296}.Debug|ARM.Build.0 = Debug|Any CPU
		{D4FBD557-08FD-45B4-AA31-5083BDDD2296}.Debug|iPhone.ActiveCfg = Debug|Any CPU
		{D4FBD557-08FD-45B4-AA31-5083BDDD2296}.Debug|iPhone.Build.0 = Debug|Any CPU
		{D4FBD557-08FD-45B4-AA31-5083BDDD2296}.Debug|iPhoneSimulator.ActiveCfg = Debug|Any CPU
		{D4FBD557-08FD-45B4-AA31-5083BDDD2296}.Debug|iPhoneSimulator.Build.0 = Debug|Any CPU
		{D4FBD557-08FD-45B4-AA31-5083BDDD2296}.Debug|x64.ActiveCfg = Debug|Any CPU
		{D4FBD557-08FD-45B4-AA31-5083BDDD2296}.Debug|x64.Build.0 = Debug|Any CPU
		{D4FBD557-08FD-45B4-AA31-5083BDDD2296}.Debug|x86.ActiveCfg = Debug|Any CPU
		{D4FBD557-08FD-45B4-AA31-5083BDDD2296}.Debug|x86.Build.0 = Debug|Any CPU
		{D4FBD557-08FD-45B4-AA31-5083BDDD2296}.Release|Any CPU.ActiveCfg = Release|Any CPU
		{D4FBD557-08FD-45B4-AA31-5083BDDD2296}.Release|Any CPU.Build.0 = Release|Any CPU
		{D4FBD557-08FD-45B4-AA31-5083BDDD2296}.Release|ARM.ActiveCfg = Release|Any CPU
		{D4FBD557-08FD-45B4-AA31-5083BDDD2296}.Release|ARM.Build.0 = Release|Any CPU
		{D4FBD557-08FD-45B4-AA31-5083BDDD2296}.Release|iPhone.ActiveCfg = Release|Any CPU
		{D4FBD557-08FD-45B4-AA31-5083BDDD2296}.Release|iPhone.Build.0 = Release|Any CPU
		{D4FBD557-08FD-45B4-AA31-5083BDDD2296}.Release|iPhoneSimulator.ActiveCfg = Release|Any CPU
		{D4FBD557-08FD-45B4-AA31-5083BDDD2296}.Release|iPhoneSimulator.Build.0 = Release|Any CPU
		{D4FBD557-08FD-45B4-AA31-5083BDDD2296}.Release|x64.ActiveCfg = Release|Any CPU
		{D4FBD557-08FD-45B4-AA31-5083BDDD2296}.Release|x64.Build.0 = Release|Any CPU
		{D4FBD557-08FD-45B4-AA31-5083BDDD2296}.Release|x86.ActiveCfg = Release|Any CPU
		{D4FBD557-08FD-45B4-AA31-5083BDDD2296}.Release|x86.Build.0 = Release|Any CPU
		{350B1CCA-EF35-4A23-B6A4-371A624B54EB}.Ad-Hoc|Any CPU.ActiveCfg = Release|iPhone
		{350B1CCA-EF35-4A23-B6A4-371A624B54EB}.Ad-Hoc|Any CPU.Build.0 = Release|iPhone
		{350B1CCA-EF35-4A23-B6A4-371A624B54EB}.Ad-Hoc|ARM.ActiveCfg = Release|iPhone
		{350B1CCA-EF35-4A23-B6A4-371A624B54EB}.Ad-Hoc|ARM.Build.0 = Release|iPhone
		{350B1CCA-EF35-4A23-B6A4-371A624B54EB}.Ad-Hoc|iPhone.ActiveCfg = Release|iPhone
		{350B1CCA-EF35-4A23-B6A4-371A624B54EB}.Ad-Hoc|iPhone.Build.0 = Release|iPhone
		{350B1CCA-EF35-4A23-B6A4-371A624B54EB}.Ad-Hoc|iPhoneSimulator.ActiveCfg = Release|iPhone
		{350B1CCA-EF35-4A23-B6A4-371A624B54EB}.Ad-Hoc|iPhoneSimulator.Build.0 = Release|iPhone
		{350B1CCA-EF35-4A23-B6A4-371A624B54EB}.Ad-Hoc|x64.ActiveCfg = Release|iPhone
		{350B1CCA-EF35-4A23-B6A4-371A624B54EB}.Ad-Hoc|x64.Build.0 = Release|iPhone
		{350B1CCA-EF35-4A23-B6A4-371A624B54EB}.Ad-Hoc|x86.ActiveCfg = Release|iPhone
		{350B1CCA-EF35-4A23-B6A4-371A624B54EB}.Ad-Hoc|x86.Build.0 = Release|iPhone
		{350B1CCA-EF35-4A23-B6A4-371A624B54EB}.AppStore|Any CPU.ActiveCfg = Release|iPhone
		{350B1CCA-EF35-4A23-B6A4-371A624B54EB}.AppStore|Any CPU.Build.0 = Release|iPhone
		{350B1CCA-EF35-4A23-B6A4-371A624B54EB}.AppStore|ARM.ActiveCfg = Release|iPhone
		{350B1CCA-EF35-4A23-B6A4-371A624B54EB}.AppStore|ARM.Build.0 = Release|iPhone
		{350B1CCA-EF35-4A23-B6A4-371A624B54EB}.AppStore|iPhone.ActiveCfg = Release|iPhone
		{350B1CCA-EF35-4A23-B6A4-371A624B54EB}.AppStore|iPhone.Build.0 = Release|iPhone
		{350B1CCA-EF35-4A23-B6A4-371A624B54EB}.AppStore|iPhoneSimulator.ActiveCfg = Release|iPhone
		{350B1CCA-EF35-4A23-B6A4-371A624B54EB}.AppStore|iPhoneSimulator.Build.0 = Release|iPhone
		{350B1CCA-EF35-4A23-B6A4-371A624B54EB}.AppStore|x64.ActiveCfg = Release|iPhone
		{350B1CCA-EF35-4A23-B6A4-371A624B54EB}.AppStore|x64.Build.0 = Release|iPhone
		{350B1CCA-EF35-4A23-B6A4-371A624B54EB}.AppStore|x86.ActiveCfg = Release|iPhone
		{350B1CCA-EF35-4A23-B6A4-371A624B54EB}.AppStore|x86.Build.0 = Release|iPhone
		{350B1CCA-EF35-4A23-B6A4-371A624B54EB}.Debug|Any CPU.ActiveCfg = Debug|iPhone
		{350B1CCA-EF35-4A23-B6A4-371A624B54EB}.Debug|Any CPU.Build.0 = Debug|iPhone
		{350B1CCA-EF35-4A23-B6A4-371A624B54EB}.Debug|ARM.ActiveCfg = Debug|iPhone
		{350B1CCA-EF35-4A23-B6A4-371A624B54EB}.Debug|ARM.Build.0 = Debug|iPhone
		{350B1CCA-EF35-4A23-B6A4-371A624B54EB}.Debug|iPhone.ActiveCfg = Debug|iPhone
		{350B1CCA-EF35-4A23-B6A4-371A624B54EB}.Debug|iPhone.Build.0 = Debug|iPhone
		{350B1CCA-EF35-4A23-B6A4-371A624B54EB}.Debug|iPhoneSimulator.ActiveCfg = Debug|iPhoneSimulator
		{350B1CCA-EF35-4A23-B6A4-371A624B54EB}.Debug|iPhoneSimulator.Build.0 = Debug|iPhoneSimulator
		{350B1CCA-EF35-4A23-B6A4-371A624B54EB}.Debug|x64.ActiveCfg = Debug|iPhone
		{350B1CCA-EF35-4A23-B6A4-371A624B54EB}.Debug|x64.Build.0 = Debug|iPhone
		{350B1CCA-EF35-4A23-B6A4-371A624B54EB}.Debug|x86.ActiveCfg = Debug|iPhone
		{350B1CCA-EF35-4A23-B6A4-371A624B54EB}.Debug|x86.Build.0 = Debug|iPhone
		{350B1CCA-EF35-4A23-B6A4-371A624B54EB}.Release|Any CPU.ActiveCfg = Release|iPhone
		{350B1CCA-EF35-4A23-B6A4-371A624B54EB}.Release|Any CPU.Build.0 = Release|iPhone
		{350B1CCA-EF35-4A23-B6A4-371A624B54EB}.Release|ARM.ActiveCfg = Release|iPhone
		{350B1CCA-EF35-4A23-B6A4-371A624B54EB}.Release|ARM.Build.0 = Release|iPhone
		{350B1CCA-EF35-4A23-B6A4-371A624B54EB}.Release|iPhone.ActiveCfg = Release|iPhone
		{350B1CCA-EF35-4A23-B6A4-371A624B54EB}.Release|iPhone.Build.0 = Release|iPhone
		{350B1CCA-EF35-4A23-B6A4-371A624B54EB}.Release|iPhoneSimulator.ActiveCfg = Release|iPhoneSimulator
		{350B1CCA-EF35-4A23-B6A4-371A624B54EB}.Release|iPhoneSimulator.Build.0 = Release|iPhoneSimulator
		{350B1CCA-EF35-4A23-B6A4-371A624B54EB}.Release|x64.ActiveCfg = Release|iPhone
		{350B1CCA-EF35-4A23-B6A4-371A624B54EB}.Release|x64.Build.0 = Release|iPhone
		{350B1CCA-EF35-4A23-B6A4-371A624B54EB}.Release|x86.ActiveCfg = Release|iPhone
		{350B1CCA-EF35-4A23-B6A4-371A624B54EB}.Release|x86.Build.0 = Release|iPhone
	EndGlobalSection
	GlobalSection(SolutionProperties) = preSolution
		HideSolutionNode = FALSE
	EndGlobalSection
	GlobalSection(NestedProjects) = preSolution
		{1A8A64C2-EF04-4ECE-BC24-5F9901A2FAD7} = {000CC33B-11C6-4807-AB5B-81D5DB5357D8}
		{A3BAB2E3-6447-4A78-80CF-6143ED6C715B} = {000CC33B-11C6-4807-AB5B-81D5DB5357D8}
		{2481DDB7-420E-4E06-9C4D-BB02C6CEC7A0} = {3CFD9744-1136-4F9D-8031-EE66BDA99F86}
		{D3D13ED7-4AA1-4A32-9AE3-8E1AD5173D77} = {338D8B37-FC4D-44B4-AE1B-CDF31CEC536C}
		{7F7EAFD0-CF04-49A7-99BA-79ED37DB845D} = {338D8B37-FC4D-44B4-AE1B-CDF31CEC536C}
		{67F9D3A8-F71E-4428-913F-C37AE82CDB24} = {3CFD9744-1136-4F9D-8031-EE66BDA99F86}
		{DDE30EC7-FB9C-4018-8335-BCFC5F7DC22C} = {22A6794F-DE61-47EE-9AFA-3597D27D25E0}
		{D4FBD557-08FD-45B4-AA31-5083BDDD2296} = {920D25BE-DF6F-4F2B-8384-0E8D6711CFCE}
		{350B1CCA-EF35-4A23-B6A4-371A624B54EB} = {920D25BE-DF6F-4F2B-8384-0E8D6711CFCE}
	EndGlobalSection
EndGlobal
